// !$*UTF8*$!
{
	archiveVersion = 1;
	classes = {
	};
	objectVersion = 56;
	objects = {

/* Begin PBXBuildFile section */
		4A221D332C56200600C25585 /* FruitCardView.swift in Sources */ = {isa = PBXBuildFile; fileRef = 4A221D322C56200600C25585 /* FruitCardView.swift */; };
		4A221D352C5624B600C25585 /* StartButtonView.swift in Sources */ = {isa = PBXBuildFile; fileRef = 4A221D342C5624B600C25585 /* StartButtonView.swift */; };
		4A221D372C5628DC00C25585 /* OnboardingView.swift in Sources */ = {isa = PBXBuildFile; fileRef = 4A221D362C5628DC00C25585 /* OnboardingView.swift */; };
		4A221D3A2C562E0F00C25585 /* FruitModel.swift in Sources */ = {isa = PBXBuildFile; fileRef = 4A221D392C562E0F00C25585 /* FruitModel.swift */; };
		4A221D3D2C562EEB00C25585 /* FruitData.swift in Sources */ = {isa = PBXBuildFile; fileRef = 4A221D3C2C562EEB00C25585 /* FruitData.swift */; };
		4A2E2F952C57835F00272D18 /* FroutRowView.swift in Sources */ = {isa = PBXBuildFile; fileRef = 4A2E2F942C57835F00272D18 /* FroutRowView.swift */; };
		4A2E2F972C578AF000272D18 /* FruitDetailView.swift in Sources */ = {isa = PBXBuildFile; fileRef = 4A2E2F962C578AF000272D18 /* FruitDetailView.swift */; };
		4A2E2F992C578EA600272D18 /* FruitHeaderView.swift in Sources */ = {isa = PBXBuildFile; fileRef = 4A2E2F982C578EA600272D18 /* FruitHeaderView.swift */; };
		4A2E2F9B2C57916600272D18 /* SourceLinkView.swift in Sources */ = {isa = PBXBuildFile; fileRef = 4A2E2F9A2C57916600272D18 /* SourceLinkView.swift */; };
		4A3532832C4E25520053B8B8 /* FructusApp.swift in Sources */ = {isa = PBXBuildFile; fileRef = 4A3532822C4E25520053B8B8 /* FructusApp.swift */; };
		4A3532852C4E25520053B8B8 /* ContentView.swift in Sources */ = {isa = PBXBuildFile; fileRef = 4A3532842C4E25520053B8B8 /* ContentView.swift */; };
		4A3532872C4E25530053B8B8 /* Assets.xcassets in Resources */ = {isa = PBXBuildFile; fileRef = 4A3532862C4E25530053B8B8 /* Assets.xcassets */; };
		4A35328A2C4E25530053B8B8 /* Preview Assets.xcassets in Resources */ = {isa = PBXBuildFile; fileRef = 4A3532892C4E25530053B8B8 /* Preview Assets.xcassets */; };
/* End PBXBuildFile section */

/* Begin PBXFileReference section */
		4A221D322C56200600C25585 /* FruitCardView.swift */ = {isa = PBXFileReference; lastKnownFileType = sourcecode.swift; path = FruitCardView.swift; sourceTree = "<group>"; };
		4A221D342C5624B600C25585 /* StartButtonView.swift */ = {isa = PBXFileReference; lastKnownFileType = sourcecode.swift; path = StartButtonView.swift; sourceTree = "<group>"; };
		4A221D362C5628DC00C25585 /* OnboardingView.swift */ = {isa = PBXFileReference; lastKnownFileType = sourcecode.swift; path = OnboardingView.swift; sourceTree = "<group>"; };
		4A221D392C562E0F00C25585 /* FruitModel.swift */ = {isa = PBXFileReference; lastKnownFileType = sourcecode.swift; path = FruitModel.swift; sourceTree = "<group>"; };
		4A221D3C2C562EEB00C25585 /* FruitData.swift */ = {isa = PBXFileReference; lastKnownFileType = sourcecode.swift; path = FruitData.swift; sourceTree = "<group>"; };
		4A2E2F942C57835F00272D18 /* FroutRowView.swift */ = {isa = PBXFileReference; lastKnownFileType = sourcecode.swift; path = FroutRowView.swift; sourceTree = "<group>"; };
		4A2E2F962C578AF000272D18 /* FruitDetailView.swift */ = {isa = PBXFileReference; lastKnownFileType = sourcecode.swift; path = FruitDetailView.swift; sourceTree = "<group>"; };
		4A2E2F982C578EA600272D18 /* FruitHeaderView.swift */ = {isa = PBXFileReference; lastKnownFileType = sourcecode.swift; path = FruitHeaderView.swift; sourceTree = "<group>"; };
		4A2E2F9A2C57916600272D18 /* SourceLinkView.swift */ = {isa = PBXFileReference; lastKnownFileType = sourcecode.swift; path = SourceLinkView.swift; sourceTree = "<group>"; };
		4A35327F2C4E25520053B8B8 /* Fructus.app */ = {isa = PBXFileReference; explicitFileType = wrapper.application; includeInIndex = 0; path = Fructus.app; sourceTree = BUILT_PRODUCTS_DIR; };
		4A3532822C4E25520053B8B8 /* FructusApp.swift */ = {isa = PBXFileReference; lastKnownFileType = sourcecode.swift; path = FructusApp.swift; sourceTree = "<group>"; };
		4A3532842C4E25520053B8B8 /* ContentView.swift */ = {isa = PBXFileReference; lastKnownFileType = sourcecode.swift; path = ContentView.swift; sourceTree = "<group>"; };
		4A3532862C4E25530053B8B8 /* Assets.xcassets */ = {isa = PBXFileReference; lastKnownFileType = folder.assetcatalog; path = Assets.xcassets; sourceTree = "<group>"; };
		4A3532892C4E25530053B8B8 /* Preview Assets.xcassets */ = {isa = PBXFileReference; lastKnownFileType = folder.assetcatalog; path = "Preview Assets.xcassets"; sourceTree = "<group>"; };
/* End PBXFileReference section */

/* Begin PBXFrameworksBuildPhase section */
		4A35327C2C4E25520053B8B8 /* Frameworks */ = {
			isa = PBXFrameworksBuildPhase;
			buildActionMask = 2147483647;
			files = (
			);
			runOnlyForDeploymentPostprocessing = 0;
		};
/* End PBXFrameworksBuildPhase section */

/* Begin PBXGroup section */
		4A221D302C561FB700C25585 /* App */ = {
			isa = PBXGroup;
			children = (
				4A3532822C4E25520053B8B8 /* FructusApp.swift */,
				4A3532842C4E25520053B8B8 /* ContentView.swift */,
				4A221D362C5628DC00C25585 /* OnboardingView.swift */,
				4A2E2F962C578AF000272D18 /* FruitDetailView.swift */,
			);
			path = App;
			sourceTree = "<group>";
		};
		4A221D312C561FDF00C25585 /* View */ = {
			isa = PBXGroup;
			children = (
				4A221D322C56200600C25585 /* FruitCardView.swift */,
				4A221D342C5624B600C25585 /* StartButtonView.swift */,
				4A2E2F942C57835F00272D18 /* FroutRowView.swift */,
				4A2E2F982C578EA600272D18 /* FruitHeaderView.swift */,
				4A2E2F9A2C57916600272D18 /* SourceLinkView.swift */,
			);
			path = View;
			sourceTree = "<group>";
		};
		4A221D382C562DF200C25585 /* Model */ = {
			isa = PBXGroup;
			children = (
				4A221D392C562E0F00C25585 /* FruitModel.swift */,
			);
			path = Model;
			sourceTree = "<group>";
		};
		4A221D3B2C562ED700C25585 /* Data */ = {
			isa = PBXGroup;
			children = (
				4A221D3C2C562EEB00C25585 /* FruitData.swift */,
			);
			path = Data;
			sourceTree = "<group>";
		};
		4A3532762C4E25520053B8B8 = {
			isa = PBXGroup;
			children = (
				4A3532812C4E25520053B8B8 /* Fructus */,
				4A3532802C4E25520053B8B8 /* Products */,
			);
			sourceTree = "<group>";
		};
		4A3532802C4E25520053B8B8 /* Products */ = {
			isa = PBXGroup;
			children = (
				4A35327F2C4E25520053B8B8 /* Fructus.app */,
			);
			name = Products;
			sourceTree = "<group>";
		};
		4A3532812C4E25520053B8B8 /* Fructus */ = {
			isa = PBXGroup;
			children = (
				4A221D3B2C562ED700C25585 /* Data */,
				4A221D382C562DF200C25585 /* Model */,
				4A221D312C561FDF00C25585 /* View */,
				4A221D302C561FB700C25585 /* App */,
				4A3532862C4E25530053B8B8 /* Assets.xcassets */,
				4A3532882C4E25530053B8B8 /* Preview Content */,
			);
			path = Fructus;
			sourceTree = "<group>";
		};
		4A3532882C4E25530053B8B8 /* Preview Content */ = {
			isa = PBXGroup;
			children = (
				4A3532892C4E25530053B8B8 /* Preview Assets.xcassets */,
			);
			path = "Preview Content";
			sourceTree = "<group>";
		};
/* End PBXGroup section */

/* Begin PBXNativeTarget section */
		4A35327E2C4E25520053B8B8 /* Fructus */ = {
			isa = PBXNativeTarget;
			buildConfigurationList = 4A35328D2C4E25530053B8B8 /* Build configuration list for PBXNativeTarget "Fructus" */;
			buildPhases = (
				4A35327B2C4E25520053B8B8 /* Sources */,
				4A35327C2C4E25520053B8B8 /* Frameworks */,
				4A35327D2C4E25520053B8B8 /* Resources */,
			);
			buildRules = (
			);
			dependencies = (
			);
			name = Fructus;
			productName = Fructus;
			productReference = 4A35327F2C4E25520053B8B8 /* Fructus.app */;
			productType = "com.apple.product-type.application";
		};
/* End PBXNativeTarget section */

/* Begin PBXProject section */
		4A3532772C4E25520053B8B8 /* Project object */ = {
			isa = PBXProject;
			attributes = {
				BuildIndependentTargetsInParallel = 1;
				LastSwiftUpdateCheck = 1530;
				LastUpgradeCheck = 1530;
				TargetAttributes = {
					4A35327E2C4E25520053B8B8 = {
						CreatedOnToolsVersion = 15.3;
					};
				};
			};
			buildConfigurationList = 4A35327A2C4E25520053B8B8 /* Build configuration list for PBXProject "Fructus" */;
			compatibilityVersion = "Xcode 14.0";
			developmentRegion = en;
			hasScannedForEncodings = 0;
			knownRegions = (
				en,
				Base,
			);
			mainGroup = 4A3532762C4E25520053B8B8;
			productRefGroup = 4A3532802C4E25520053B8B8 /* Products */;
			projectDirPath = "";
			projectRoot = "";
			targets = (
				4A35327E2C4E25520053B8B8 /* Fructus */,
			);
		};
/* End PBXProject section */

/* Begin PBXResourcesBuildPhase section */
		4A35327D2C4E25520053B8B8 /* Resources */ = {
			isa = PBXResourcesBuildPhase;
			buildActionMask = 2147483647;
			files = (
				4A35328A2C4E25530053B8B8 /* Preview Assets.xcassets in Resources */,
				4A3532872C4E25530053B8B8 /* Assets.xcassets in Resources */,
			);
			runOnlyForDeploymentPostprocessing = 0;
		};
/* End PBXResourcesBuildPhase section */

/* Begin PBXSourcesBuildPhase section */
		4A35327B2C4E25520053B8B8 /* Sources */ = {
			isa = PBXSourcesBuildPhase;
			buildActionMask = 2147483647;
			files = (
				4A2E2F952C57835F00272D18 /* FroutRowView.swift in Sources */,
				4A2E2F9B2C57916600272D18 /* SourceLinkView.swift in Sources */,
				4A221D3D2C562EEB00C25585 /* FruitData.swift in Sources */,
				4A221D332C56200600C25585 /* FruitCardView.swift in Sources */,
				4A221D352C5624B600C25585 /* StartButtonView.swift in Sources */,
				4A2E2F972C578AF000272D18 /* FruitDetailView.swift in Sources */,
				4A3532852C4E25520053B8B8 /* ContentView.swift in Sources */,
				4A2E2F992C578EA600272D18 /* FruitHeaderView.swift in Sources */,
				4A221D372C5628DC00C25585 /* OnboardingView.swift in Sources */,
				4A221D3A2C562E0F00C25585 /* FruitModel.swift in Sources */,
				4A3532832C4E25520053B8B8 /* FructusApp.swift in Sources */,
			);
			runOnlyForDeploymentPostprocessing = 0;
		};
/* End PBXSourcesBuildPhase section */

/* Begin XCBuildConfiguration section */
		4A35328B2C4E25530053B8B8 /* Debug */ = {
			isa = XCBuildConfiguration;
			buildSettings = {
				ALWAYS_SEARCH_USER_PATHS = NO;
				ASSETCATALOG_COMPILER_GENERATE_SWIFT_ASSET_SYMBOL_EXTENSIONS = YES;
				CLANG_ANALYZER_NONNULL = YES;
				CLANG_ANALYZER_NUMBER_OBJECT_CONVERSION = YES_AGGRESSIVE;
				CLANG_CXX_LANGUAGE_STANDARD = "gnu++20";
				CLANG_ENABLE_MODULES = YES;
				CLANG_ENABLE_OBJC_ARC = YES;
				CLANG_ENABLE_OBJC_WEAK = YES;
				CLANG_WARN_BLOCK_CAPTURE_AUTORELEASING = YES;
				CLANG_WARN_BOOL_CONVERSION = YES;
				CLANG_WARN_COMMA = YES;
				CLANG_WARN_CONSTANT_CONVERSION = YES;
				CLANG_WARN_DEPRECATED_OBJC_IMPLEMENTATIONS = YES;
				CLANG_WARN_DIRECT_OBJC_ISA_USAGE = YES_ERROR;
				CLANG_WARN_DOCUMENTATION_COMMENTS = YES;
				CLANG_WARN_EMPTY_BODY = YES;
				CLANG_WARN_ENUM_CONVERSION = YES;
				CLANG_WARN_INFINITE_RECURSION = YES;
				CLANG_WARN_INT_CONVERSION = YES;
				CLANG_WARN_NON_LITERAL_NULL_CONVERSION = YES;
				CLANG_WARN_OBJC_IMPLICIT_RETAIN_SELF = YES;
				CLANG_WARN_OBJC_LITERAL_CONVERSION = YES;
				CLANG_WARN_OBJC_ROOT_CLASS = YES_ERROR;
				CLANG_WARN_QUOTED_INCLUDE_IN_FRAMEWORK_HEADER = YES;
				CLANG_WARN_RANGE_LOOP_ANALYSIS = YES;
				CLANG_WARN_STRICT_PROTOTYPES = YES;
				CLANG_WARN_SUSPICIOUS_MOVE = YES;
				CLANG_WARN_UNGUARDED_AVAILABILITY = YES_AGGRESSIVE;
				CLANG_WARN_UNREACHABLE_CODE = YES;
				CLANG_WARN__DUPLICATE_METHOD_MATCH = YES;
				COPY_PHASE_STRIP = NO;
				DEBUG_INFORMATION_FORMAT = dwarf;
				ENABLE_STRICT_OBJC_MSGSEND = YES;
				ENABLE_TESTABILITY = YES;
				ENABLE_USER_SCRIPT_SANDBOXING = YES;
				GCC_C_LANGUAGE_STANDARD = gnu17;
				GCC_DYNAMIC_NO_PIC = NO;
				GCC_NO_COMMON_BLOCKS = YES;
				GCC_OPTIMIZATION_LEVEL = 0;
				GCC_PREPROCESSOR_DEFINITIONS = (
					"DEBUG=1",
					"$(inherited)",
				);
				GCC_WARN_64_TO_32_BIT_CONVERSION = YES;
				GCC_WARN_ABOUT_RETURN_TYPE = YES_ERROR;
				GCC_WARN_UNDECLARED_SELECTOR = YES;
				GCC_WARN_UNINITIALIZED_AUTOS = YES_AGGRESSIVE;
				GCC_WARN_UNUSED_FUNCTION = YES;
				GCC_WARN_UNUSED_VARIABLE = YES;
				IPHONEOS_DEPLOYMENT_TARGET = 17.4;
				LOCALIZATION_PREFERS_STRING_CATALOGS = YES;
				MTL_ENABLE_DEBUG_INFO = INCLUDE_SOURCE;
				MTL_FAST_MATH = YES;
				ONLY_ACTIVE_ARCH = YES;
				SDKROOT = iphoneos;
				SWIFT_ACTIVE_COMPILATION_CONDITIONS = "DEBUG $(inherited)";
				SWIFT_OPTIMIZATION_LEVEL = "-Onone";
			};
			name = Debug;
		};
		4A35328C2C4E25530053B8B8 /* Release */ = {
			isa = XCBuildConfiguration;
			buildSettings = {
				ALWAYS_SEARCH_USER_PATHS = NO;
				ASSETCATALOG_COMPILER_GENERATE_SWIFT_ASSET_SYMBOL_EXTENSIONS = YES;
				CLANG_ANALYZER_NONNULL = YES;
				CLANG_ANALYZER_NUMBER_OBJECT_CONVERSION = YES_AGGRESSIVE;
				CLANG_CXX_LANGUAGE_STANDARD = "gnu++20";
				CLANG_ENABLE_MODULES = YES;
				CLANG_ENABLE_OBJC_ARC = YES;
				CLANG_ENABLE_OBJC_WEAK = YES;
				CLANG_WARN_BLOCK_CAPTURE_AUTORELEASING = YES;
				CLANG_WARN_BOOL_CONVERSION = YES;
				CLANG_WARN_COMMA = YES;
				CLANG_WARN_CONSTANT_CONVERSION = YES;
				CLANG_WARN_DEPRECATED_OBJC_IMPLEMENTATIONS = YES;
				CLANG_WARN_DIRECT_OBJC_ISA_USAGE = YES_ERROR;
				CLANG_WARN_DOCUMENTATION_COMMENTS = YES;
				CLANG_WARN_EMPTY_BODY = YES;
				CLANG_WARN_ENUM_CONVERSION = YES;
				CLANG_WARN_INFINITE_RECURSION = YES;
				CLANG_WARN_INT_CONVERSION = YES;
				CLANG_WARN_NON_LITERAL_NULL_CONVERSION = YES;
				CLANG_WARN_OBJC_IMPLICIT_RETAIN_SELF = YES;
				CLANG_WARN_OBJC_LITERAL_CONVERSION = YES;
				CLANG_WARN_OBJC_ROOT_CLASS = YES_ERROR;
				CLANG_WARN_QUOTED_INCLUDE_IN_FRAMEWORK_HEADER = YES;
				CLANG_WARN_RANGE_LOOP_ANALYSIS = YES;
				CLANG_WARN_STRICT_PROTOTYPES = YES;
				CLANG_WARN_SUSPICIOUS_MOVE = YES;
				CLANG_WARN_UNGUARDED_AVAILABILITY = YES_AGGRESSIVE;
				CLANG_WARN_UNREACHABLE_CODE = YES;
				CLANG_WARN__DUPLICATE_METHOD_MATCH = YES;
				COPY_PHASE_STRIP = NO;
				DEBUG_INFORMATION_FORMAT = "dwarf-with-dsym";
				ENABLE_NS_ASSERTIONS = NO;
				ENABLE_STRICT_OBJC_MSGSEND = YES;
				ENABLE_USER_SCRIPT_SANDBOXING = YES;
				GCC_C_LANGUAGE_STANDARD = gnu17;
				GCC_NO_COMMON_BLOCKS = YES;
				GCC_WARN_64_TO_32_BIT_CONVERSION = YES;
				GCC_WARN_ABOUT_RETURN_TYPE = YES_ERROR;
				GCC_WARN_UNDECLARED_SELECTOR = YES;
				GCC_WARN_UNINITIALIZED_AUTOS = YES_AGGRESSIVE;
				GCC_WARN_UNUSED_FUNCTION = YES;
				GCC_WARN_UNUSED_VARIABLE = YES;
				IPHONEOS_DEPLOYMENT_TARGET = 17.4;
				LOCALIZATION_PREFERS_STRING_CATALOGS = YES;
				MTL_ENABLE_DEBUG_INFO = NO;
				MTL_FAST_MATH = YES;
				SDKROOT = iphoneos;
				SWIFT_COMPILATION_MODE = wholemodule;
				VALIDATE_PRODUCT = YES;
			};
			name = Release;
		};
		4A35328E2C4E25530053B8B8 /* Debug */ = {
			isa = XCBuildConfiguration;
			buildSettings = {
				ASSETCATALOG_COMPILER_APPICON_NAME = AppIcon;
				ASSETCATALOG_COMPILER_GLOBAL_ACCENT_COLOR_NAME = AccentColor;
				CODE_SIGN_STYLE = Automatic;
				CURRENT_PROJECT_VERSION = 1;
				DEVELOPMENT_ASSET_PATHS = "\"Fructus/Preview Content\"";
				ENABLE_PREVIEWS = YES;
				GENERATE_INFOPLIST_FILE = YES;
				INFOPLIST_KEY_UIApplicationSceneManifest_Generation = YES;
				INFOPLIST_KEY_UIApplicationSupportsIndirectInputEvents = YES;
				INFOPLIST_KEY_UILaunchScreen_Generation = YES;
				INFOPLIST_KEY_UISupportedInterfaceOrientations = UIInterfaceOrientationPortrait;
				INFOPLIST_KEY_UISupportedInterfaceOrientations_iPad = "UIInterfaceOrientationLandscapeLeft UIInterfaceOrientationLandscapeRight UIInterfaceOrientationPortrait UIInterfaceOrientationPortraitUpsideDown";
				IPHONEOS_DEPLOYMENT_TARGET = 15.0;
				LD_RUNPATH_SEARCH_PATHS = (
					"$(inherited)",
					"@executable_path/Frameworks",
				);
				MARKETING_VERSION = 1.0;
				PRODUCT_BUNDLE_IDENTIFIER = "com.victoriadigitalagency.Fructus-Practice.Fructus";
				PRODUCT_NAME = "$(TARGET_NAME)";
				SWIFT_EMIT_LOC_STRINGS = YES;
				SWIFT_VERSION = 5.0;
				TARGETED_DEVICE_FAMILY = "1,2";
			};
			name = Debug;
		};
		4A35328F2C4E25530053B8B8 /* Release */ = {
			isa = XCBuildConfiguration;
			buildSettings = {
				ASSETCATALOG_COMPILER_APPICON_NAME = AppIcon;
				ASSETCATALOG_COMPILER_GLOBAL_ACCENT_COLOR_NAME = AccentColor;
				CODE_SIGN_STYLE = Automatic;
				CURRENT_PROJECT_VERSION = 1;
				DEVELOPMENT_ASSET_PATHS = "\"Fructus/Preview Content\"";
				ENABLE_PREVIEWS = YES;
				GENERATE_INFOPLIST_FILE = YES;
				INFOPLIST_KEY_UIApplicationSceneManifest_Generation = YES;
				INFOPLIST_KEY_UIApplicationSupportsIndirectInputEvents = YES;
				INFOPLIST_KEY_UILaunchScreen_Generation = YES;
				INFOPLIST_KEY_UISupportedInterfaceOrientations = UIInterfaceOrientationPortrait;
				INFOPLIST_KEY_UISupportedInterfaceOrientations_iPad = "UIInterfaceOrientationLandscapeLeft UIInterfaceOrientationLandscapeRight UIInterfaceOrientationPortrait UIInterfaceOrientationPortraitUpsideDown";
				IPHONEOS_DEPLOYMENT_TARGET = 15.0;
				LD_RUNPATH_SEARCH_PATHS = (
					"$(inherited)",
					"@executable_path/Frameworks",
				);
				MARKETING_VERSION = 1.0;
				PRODUCT_BUNDLE_IDENTIFIER = "com.victoriadigitalagency.Fructus-Practice.Fructus";
				PRODUCT_NAME = "$(TARGET_NAME)";
				SWIFT_EMIT_LOC_STRINGS = YES;
				SWIFT_VERSION = 5.0;
				TARGETED_DEVICE_FAMILY = "1,2";
			};
			name = Release;
		};
/* End XCBuildConfiguration section */

/* Begin XCConfigurationList section */
		4A35327A2C4E25520053B8B8 /* Build configuration list for PBXProject "Fructus" */ = {
			isa = XCConfigurationList;
			buildConfigurations = (
				4A35328B2C4E25530053B8B8 /* Debug */,
				4A35328C2C4E25530053B8B8 /* Release */,
			);
			defaultConfigurationIsVisible = 0;
			defaultConfigurationName = Release;
		};
		4A35328D2C4E25530053B8B8 /* Build configuration list for PBXNativeTarget "Fructus" */ = {
			isa = XCConfigurationList;
			buildConfigurations = (
				4A35328E2C4E25530053B8B8 /* Debug */,
				4A35328F2C4E25530053B8B8 /* Release */,
			);
			defaultConfigurationIsVisible = 0;
			defaultConfigurationName = Release;
		};
/* End XCConfigurationList section */
	};
	rootObject = 4A3532772C4E25520053B8B8 /* Project object */;
}
